hash: 8dc34ac6836e01df2d658234329fc55b6d65f2572c77a522039088a970cf44c5
updated: 2017-02-17T15:35:30.834131259-06:00
imports:
- name: github.com/btcsuitereleases/btcd
  version: e005ff2cdaac3b3a0b60c8d03978221b784ad50a
  subpackages:
  - btcjson
  - chaincfg
  - txscript
  - wire
- name: github.com/btcsuitereleases/btcrpcclient
  version: 30a5dc36b5f1519ae5dd9cae45aaf73ad46a813a
- name: github.com/btcsuitereleases/btcutil
  version: f2b1058a82554c0c7c3b8809c5956c38374604d8
  subpackages:
  - base58
- name: github.com/FactomProject/basen
  version: fe3947df716ebfda9847eb1b9a48f9592e06478c
- name: github.com/FactomProject/bolt
  version: 952a1b4e9a55f458d536cf703bce25a4e9c99841
- name: github.com/FactomProject/btcutil
  version: 43986820ccd50b2b02b83e575cb3a39c87457482
  subpackages:
  - base58
  - certs
- name: github.com/FactomProject/btcutilecc
  version: d3a63a5752ecf3fbc06bd97365da752111c263df
- name: github.com/FactomProject/dynrsrc
  version: b64fbdf4a9b9385ecae4749c6399eae2a604527f
- name: github.com/FactomProject/ed25519
  version: 38002c4fe7b609c2fa3144a3cc29b997b756bb4c
  subpackages:
  - edwards25519
- name: github.com/FactomProject/factom
  version: 69e0366ba3d6be5bbc851eefb7cda090eb1926d3
  subpackages:
  - wallet
  - wallet/wsapi
- name: github.com/FactomProject/factom-cli
  version: bf8490791dafd10fa77ed199001a5c492972e494
- name: github.com/FactomProject/factom-walletd
  version: 76e693688a9d1265a5d9fd27d1dbf456a96b3b9c
- name: github.com/FactomProject/fctwallet
  version: 97e19f8d1e251975480fa6f76eb2d9084b984a14
- name: github.com/FactomProject/fsnotify
  version: 4894fe7efedeeef21891033e1cce3b23b9af7ad2
- name: github.com/FactomProject/go-bip32
  version: 3b593af1c415abc1017648e4eb24a88c32fee0f3
- name: github.com/FactomProject/go-bip39
  version: d1007fb78d9a7ec65314dad412973e63caf4c527
- name: github.com/FactomProject/go-bip44
  version: fd672f46ddc35bb381f497f7b64c9cf34f9e0703
- name: github.com/FactomProject/go-simplejson
  version: aabad6e819789e569bd6aabf444c935aa9ba1e44
- name: github.com/FactomProject/go-spew
  version: ddfaec9b42f58fc8172b0cbb03b21c6668dd0a46
  subpackages:
  - spew
- name: github.com/FactomProject/gocoding
  version: 59666ce39524e0b2ed84fbdbb16e9b38dc92d9df
- name: github.com/FactomProject/goleveldb
  version: 9d147f2b8f767adca2a29f9728658681081b03a8
  subpackages:
  - leveldb
  - leveldb/cache
  - leveldb/comparer
  - leveldb/errors
  - leveldb/filter
  - leveldb/iterator
  - leveldb/journal
  - leveldb/memdb
  - leveldb/opt
  - leveldb/storage
  - leveldb/table
  - leveldb/util
- name: github.com/FactomProject/netki-go-partner-client
  version: 426acb535e66cc2f9e6226ae254555e3572fd142
- name: github.com/FactomProject/serveridentity
  version: e085562080f86875a7c6aa82031560e259617479
  subpackages:
  - identity
  - utils
- name: github.com/FactomProject/snappy-go
  version: f2f83b22c29e5abc60e3a95062ce1491d3b95371
  subpackages:
  - snappy
- name: github.com/FactomProject/web
  version: 7daee1bf727fc2cd9142b9a73a797f98b3180756
- name: golang.org/x/crypto
  version: 453249f01cfeb54c3d549ddb75ff152ca243f9d8
  subpackages:
  - pbkdf2
  - ripemd160
- name: golang.org/x/net
  version: b4690f45fa1cafc47b1c280c2e75116efe40cc13
  subpackages:
  - websocket
- name: golang.org/x/sys
  version: 075e574b89e4c2d22f2286a7e2b919519c6f3547
  subpackages:
  - unix
- name: gopkg.in/gcfg.v1
  version: 27e4946190b4a327b539185f2b5b1f7c84730728
  subpackages:
  - scanner
  - token
  - types
- name: gopkg.in/warnings.v0
  version: 8a331561fe74dadba6edfc59f3be66c22c3b065d
testImports: []
