hash: efce2af61ff556100f46a8f6e18fa73b39e1295ec12361d430cb213ec2804d38
updated: 2017-09-22T15:16:35.635846115-05:00
imports:
- name: github.com/beorn7/perks
  version: 4c0e84591b9aa9e6dcfdf3e020114cd81f89d5f9
  subpackages:
  - quantile
- name: github.com/btcsuitereleases/btcd
  version: e005ff2cdaac3b3a0b60c8d03978221b784ad50a
  subpackages:
  - btcjson
  - chaincfg
  - txscript
  - wire
- name: github.com/btcsuitereleases/btcrpcclient
  version: 30a5dc36b5f1519ae5dd9cae45aaf73ad46a813a
- name: github.com/btcsuitereleases/btcutil
  version: f2b1058a82554c0c7c3b8809c5956c38374604d8
  subpackages:
  - base58
- name: github.com/FactomProject/basen
  version: fe3947df716ebfda9847eb1b9a48f9592e06478c
- name: github.com/FactomProject/bolt
  version: 952a1b4e9a55f458d536cf703bce25a4e9c99841
- name: github.com/FactomProject/btcutil
  version: 43986820ccd50b2b02b83e575cb3a39c87457482
  subpackages:
  - base58
  - certs
- name: github.com/FactomProject/btcutilecc
  version: d3a63a5752ecf3fbc06bd97365da752111c263df
- name: github.com/FactomProject/dynrsrc
  version: b64fbdf4a9b9385ecae4749c6399eae2a604527f
- name: github.com/FactomProject/ed25519
  version: 38002c4fe7b609c2fa3144a3cc29b997b756bb4c
  subpackages:
  - edwards25519
- name: github.com/FactomProject/factom
  version: 4aae917f015a1d2341fb605f5373e93fef873461
  subpackages:
  - wallet
  - wallet/wsapi
- name: github.com/FactomProject/factom-cli
  version: 31313ef3e7902b135f65272a07430aefeffec159
- name: github.com/FactomProject/factom-walletd
  version: cec09b53f8fa1e7d11f8b5fb0efd3a273053a7ef
- name: github.com/FactomProject/fctwallet
  version: 97e19f8d1e251975480fa6f76eb2d9084b984a14
- name: github.com/FactomProject/fsnotify
  version: 4894fe7efedeeef21891033e1cce3b23b9af7ad2
- name: github.com/FactomProject/go-bip32
  version: 3b593af1c415abc1017648e4eb24a88c32fee0f3
- name: github.com/FactomProject/go-bip39
  version: d1007fb78d9a7ec65314dad412973e63caf4c527
- name: github.com/FactomProject/go-bip44
  version: fd672f46ddc35bb381f497f7b64c9cf34f9e0703
- name: github.com/FactomProject/go-simplejson
  version: aabad6e819789e569bd6aabf444c935aa9ba1e44
- name: github.com/FactomProject/go-spew
  version: ddfaec9b42f58fc8172b0cbb03b21c6668dd0a46
  subpackages:
  - spew
- name: github.com/FactomProject/gocoding
  version: 59666ce39524e0b2ed84fbdbb16e9b38dc92d9df
- name: github.com/FactomProject/goleveldb
  version: e7800c6976c5d75f0a9c5e9e0e2ff8086940e58f
  subpackages:
  - leveldb
  - leveldb/cache
  - leveldb/comparer
  - leveldb/errors
  - leveldb/filter
  - leveldb/iterator
  - leveldb/journal
  - leveldb/memdb
  - leveldb/opt
  - leveldb/storage
  - leveldb/table
  - leveldb/util
- name: github.com/FactomProject/logrus
  version: 202f25545ea4cf9b191ff7f846df5d87c9382c2b
- name: github.com/FactomProject/netki-go-partner-client
  version: 426acb535e66cc2f9e6226ae254555e3572fd142
- name: github.com/FactomProject/serveridentity
  version: e085562080f86875a7c6aa82031560e259617479
  subpackages:
  - identity
  - utils
- name: github.com/FactomProject/snappy-go
  version: f2f83b22c29e5abc60e3a95062ce1491d3b95371
- name: github.com/FactomProject/web
  version: 7daee1bf727fc2cd9142b9a73a797f98b3180756
- name: github.com/golang/protobuf
  version: 1f49d83d9aa00e6ce4fc8258c71cc7786aec968a
  subpackages:
  - proto
- name: github.com/hashicorp/go-plugin
  version: 8cf118f7a2f0c7ef1c82f66d4f6ac77c7e27dc12
- name: github.com/hashicorp/yamux
  version: d1caa6c97c9fc1cc9e83bbe34d0603f9ff0ce8bd
- name: github.com/matttproud/golang_protobuf_extensions
  version: c12348ce28de40eed0136aa2b644d0ee0650e56c
  subpackages:
  - pbutil
- name: github.com/prometheus/client_golang
  version: c5b7fccd204277076155f10851dad72b76a49317
  subpackages:
  - prometheus
- name: github.com/prometheus/client_model
  version: fa8ad6fec33561be4280a8f0514318c79d7f6cb6
  subpackages:
  - go
- name: github.com/prometheus/common
  version: 616e90af75cc300730196d04f3676f838d70414f
  subpackages:
  - expfmt
  - internal/bitbucket.org/ww/goautoneg
  - model
- name: github.com/prometheus/procfs
  version: abf152e5f3e97f2fafac028d2cc06c1feb87ffa5
- name: golang.org/x/crypto
  version: bed12803fa9663d7aa2c2346b0c634ad2dcd43b7
  subpackages:
  - pbkdf2
  - ripemd160
  - scrypt
- name: golang.org/x/net
  version: 007e530097ad7f954752df63046b4036f98ba6a6
  subpackages:
  - websocket
- name: golang.org/x/sys
  version: 7a6e5648d140666db5d920909e082ca00a87ba2c
  subpackages:
  - unix
- name: gopkg.in/gcfg.v1
  version: 27e4946190b4a327b539185f2b5b1f7c84730728
  subpackages:
  - scanner
  - token
  - types
- name: gopkg.in/warnings.v0
  version: 8a331561fe74dadba6edfc59f3be66c22c3b065d
testImports: []
